
Microsoft Visual Studio Solution File, Format Version 11.00
# Visual C++ Express 2010
Project("{8BC9CEB8-8B4A-11D0-8D11-00A0C91BC942}") = "CapturePresentation", "CapturePresentation.vcxproj", "{0F471815-2EE8-4F81-B46C-739C431676B5}"
EndProject
Project("{8BC9CEB8-8B4A-11D0-8D11-00A0C91BC942}") = "CapturePresentationComp", "CapturePresentationComp.vcxproj", "{BB31E3CE-C6F3-4696-93BA-F357AFF1B8BA}"
EndProject
Global
	GlobalSection(SolutionConfigurationPlatforms) = preSolution
		Debug|Win32 = Debug|Win32
		Release|Win32 = Release|Win32
	EndGlobalSection
	GlobalSection(ProjectConfigurationPlatforms) = postSolution
		{0F471815-2EE8-4F81-B46C-739C431676B5}.Debug|Win32.ActiveCfg = Debug|Win32
		{0F471815-2EE8-4F81-B46C-739C431676B5}.Debug|Win32.Build.0 = Debug|Win32
		{0F471815-2EE8-4F81-B46C-739C431676B5}.Release|Win32.ActiveCfg = Release|Win32
		{0F471815-2EE8-4F81-B46C-739C431676B5}.Release|Win32.Build.0 = Release|Win32
		{BB31E3CE-C6F3-4696-93BA-F357AFF1B8BA}.Debug|Win32.ActiveCfg = Debug|Win32
		{BB31E3CE-C6F3-4696-93BA-F357AFF1B8BA}.Debug|Win32.Build.0 = Debug|Win32
		{BB31E3CE-C6F3-4696-93BA-F357AFF1B8BA}.Release|Win32.ActiveCfg = Release|Win32
		{BB31E3CE-C6F3-4696-93BA-F357AFF1B8BA}.Release|Win32.Build.0 = Release|Win32
	EndGlobalSection
	GlobalSection(SolutionProperties) = preSolution
		HideSolutionNode = FALSE
	EndGlobalSection
EndGlobal
